{
  "requires": true,
  "lockfileVersion": 1,
  "dependencies": {
    "@loloof64/chessboard-component": {
      "version": "0.3.2",
      "resolved": "https://registry.npmjs.org/@loloof64/chessboard-component/-/chessboard-component-0.3.2.tgz",
      "integrity": "sha512-C4mwxXxIWyl4UuyUfxi28iTI6ZVOxrP7so1nbBOWPrwzsC5uGjZAZKC1jdNcWUSPec0/H9iw0IWeecxITQGKzQ=="
    }
  }
}
